
Microsoft Visual Studio Solution File, Format Version 12.00
# Visual Studio Version 17
VisualStudioVersion = 17.4.33213.308
MinimumVisualStudioVersion = 10.0.40219.1
Project("{FAE04EC0-301F-11D3-BF4B-00C04F79EFBC}") = "homeWorkL4W2", "homeWorkL4W2\homeWorkL4W2.csproj", "{5D692E2D-93B3-4361-970C-E7D0383F55AB}"
EndProject
Global
	GlobalSection(SolutionConfigurationPlatforms) = preSolution
		Debug|Any CPU = Debug|Any CPU
		Release|Any CPU = Release|Any CPU
	EndGlobalSection
	GlobalSection(ProjectConfigurationPlatforms) = postSolution
		{5D692E2D-93B3-4361-970C-E7D0383F55AB}.Debug|Any CPU.ActiveCfg = Debug|Any CPU
		{5D692E2D-93B3-4361-970C-E7D0383F55AB}.Debug|Any CPU.Build.0 = Debug|Any CPU
		{5D692E2D-93B3-4361-970C-E7D0383F55AB}.Release|Any CPU.ActiveCfg = Release|Any CPU
		{5D692E2D-93B3-4361-970C-E7D0383F55AB}.Release|Any CPU.Build.0 = Release|Any CPU
	EndGlobalSection
	GlobalSection(SolutionProperties) = preSolution
		HideSolutionNode = FALSE
	EndGlobalSection
	GlobalSection(ExtensibilityGlobals) = postSolution
		SolutionGuid = {6673232A-50DE-4715-AFC1-2FE239033F53}
	EndGlobalSection
EndGlobal
